// !$*UTF8*$!
{
	archiveVersion = 1;
	classes = {
	};
	objectVersion = 50;
	objects = {

/* Begin PBXBuildFile section */
		0E8BBD6D27186A5700AA1377 /* MainView.swift in Sources */ = {isa = PBXBuildFile; fileRef = 0E8BBD6C27186A5700AA1377 /* MainView.swift */; };
		0E8BBD7027186B6E00AA1377 /* LearnView.swift in Sources */ = {isa = PBXBuildFile; fileRef = 0E8BBD6F27186B6E00AA1377 /* LearnView.swift */; };
		0E8BBD7327186E9700AA1377 /* ChallengeView.swift in Sources */ = {isa = PBXBuildFile; fileRef = 0E8BBD7227186E9700AA1377 /* ChallengeView.swift */; };
		0E8BBD7727186EFA00AA1377 /* DictionaryView.swift in Sources */ = {isa = PBXBuildFile; fileRef = 0E8BBD7627186EFA00AA1377 /* DictionaryView.swift */; };
		0E8BBD7A27186F6C00AA1377 /* SettingsView.swift in Sources */ = {isa = PBXBuildFile; fileRef = 0E8BBD7927186F6C00AA1377 /* SettingsView.swift */; };
		3F6FD470270ED21C000BC39D /* Al_Fath_ProjectApp.swift in Sources */ = {isa = PBXBuildFile; fileRef = 3F6FD46F270ED21C000BC39D /* Al_Fath_ProjectApp.swift */; };
		3F6FD472270ED21C000BC39D /* ContentView.swift in Sources */ = {isa = PBXBuildFile; fileRef = 3F6FD471270ED21C000BC39D /* ContentView.swift */; };
		3F6FD474270ED21F000BC39D /* Assets.xcassets in Resources */ = {isa = PBXBuildFile; fileRef = 3F6FD473270ED21F000BC39D /* Assets.xcassets */; };
		3F6FD477270ED21F000BC39D /* Preview Assets.xcassets in Resources */ = {isa = PBXBuildFile; fileRef = 3F6FD476270ED21F000BC39D /* Preview Assets.xcassets */; };
		3F6FD479270ED21F000BC39D /* Persistence.swift in Sources */ = {isa = PBXBuildFile; fileRef = 3F6FD478270ED21F000BC39D /* Persistence.swift */; };
		3F6FD47C270ED21F000BC39D /* Al_Fath_Project.xcdatamodeld in Sources */ = {isa = PBXBuildFile; fileRef = 3F6FD47A270ED21F000BC39D /* Al_Fath_Project.xcdatamodeld */; };
/* End PBXBuildFile section */

/* Begin PBXFileReference section */
		0E8BBD6C27186A5700AA1377 /* MainView.swift */ = {isa = PBXFileReference; lastKnownFileType = sourcecode.swift; path = MainView.swift; sourceTree = "<group>"; };
		0E8BBD6F27186B6E00AA1377 /* LearnView.swift */ = {isa = PBXFileReference; lastKnownFileType = sourcecode.swift; path = LearnView.swift; sourceTree = "<group>"; };
		0E8BBD7227186E9700AA1377 /* ChallengeView.swift */ = {isa = PBXFileReference; lastKnownFileType = sourcecode.swift; path = ChallengeView.swift; sourceTree = "<group>"; };
		0E8BBD7627186EFA00AA1377 /* DictionaryView.swift */ = {isa = PBXFileReference; lastKnownFileType = sourcecode.swift; path = DictionaryView.swift; sourceTree = "<group>"; };
		0E8BBD7927186F6C00AA1377 /* SettingsView.swift */ = {isa = PBXFileReference; lastKnownFileType = sourcecode.swift; path = SettingsView.swift; sourceTree = "<group>"; };
		3F6FD46C270ED21C000BC39D /* Al-Fath Project.app */ = {isa = PBXFileReference; explicitFileType = wrapper.application; includeInIndex = 0; path = "Al-Fath Project.app"; sourceTree = BUILT_PRODUCTS_DIR; };
		3F6FD46F270ED21C000BC39D /* Al_Fath_ProjectApp.swift */ = {isa = PBXFileReference; lastKnownFileType = sourcecode.swift; path = Al_Fath_ProjectApp.swift; sourceTree = "<group>"; };
		3F6FD471270ED21C000BC39D /* ContentView.swift */ = {isa = PBXFileReference; lastKnownFileType = sourcecode.swift; path = ContentView.swift; sourceTree = "<group>"; };
		3F6FD473270ED21F000BC39D /* Assets.xcassets */ = {isa = PBXFileReference; lastKnownFileType = folder.assetcatalog; path = Assets.xcassets; sourceTree = "<group>"; };
		3F6FD476270ED21F000BC39D /* Preview Assets.xcassets */ = {isa = PBXFileReference; lastKnownFileType = folder.assetcatalog; path = "Preview Assets.xcassets"; sourceTree = "<group>"; };
		3F6FD478270ED21F000BC39D /* Persistence.swift */ = {isa = PBXFileReference; lastKnownFileType = sourcecode.swift; path = Persistence.swift; sourceTree = "<group>"; };
		3F6FD47B270ED21F000BC39D /* Al_Fath_Project.xcdatamodel */ = {isa = PBXFileReference; lastKnownFileType = wrapper.xcdatamodel; path = Al_Fath_Project.xcdatamodel; sourceTree = "<group>"; };
		3F6FD47D270ED21F000BC39D /* Info.plist */ = {isa = PBXFileReference; lastKnownFileType = text.plist.xml; path = Info.plist; sourceTree = "<group>"; };
/* End PBXFileReference section */

/* Begin PBXFrameworksBuildPhase section */
		3F6FD469270ED21C000BC39D /* Frameworks */ = {
			isa = PBXFrameworksBuildPhase;
			buildActionMask = 2147483647;
			files = (
			);
			runOnlyForDeploymentPostprocessing = 0;
		};
/* End PBXFrameworksBuildPhase section */

/* Begin PBXGroup section */
		0E8BBD67271869E000AA1377 /* View */ = {
			isa = PBXGroup;
			children = (
				0E8BBD7827186F4000AA1377 /* Settings */,
				0E8BBD7427186EDB00AA1377 /* Dictionary */,
				0E8BBD7127186E6900AA1377 /* Challenge */,
				0E8BBD6E27186B4A00AA1377 /* Learn */,
				0E8BBD6C27186A5700AA1377 /* MainView.swift */,
			);
			path = View;
			sourceTree = "<group>";
		};
		0E8BBD68271869E900AA1377 /* ViewModel */ = {
			isa = PBXGroup;
			children = (
			);
			path = ViewModel;
			sourceTree = "<group>";
		};
		0E8BBD69271869F400AA1377 /* Model */ = {
			isa = PBXGroup;
			children = (
			);
			path = Model;
			sourceTree = "<group>";
		};
		0E8BBD6E27186B4A00AA1377 /* Learn */ = {
			isa = PBXGroup;
			children = (
				0E8BBD6F27186B6E00AA1377 /* LearnView.swift */,
			);
			path = Learn;
			sourceTree = "<group>";
		};
		0E8BBD7127186E6900AA1377 /* Challenge */ = {
			isa = PBXGroup;
			children = (
				0E8BBD7227186E9700AA1377 /* ChallengeView.swift */,
			);
			path = Challenge;
			sourceTree = "<group>";
		};
		0E8BBD7427186EDB00AA1377 /* Dictionary */ = {
			isa = PBXGroup;
			children = (
				0E8BBD7627186EFA00AA1377 /* DictionaryView.swift */,
			);
			path = Dictionary;
			sourceTree = "<group>";
		};
		0E8BBD7827186F4000AA1377 /* Settings */ = {
			isa = PBXGroup;
			children = (
				0E8BBD7927186F6C00AA1377 /* SettingsView.swift */,
			);
			path = Settings;
			sourceTree = "<group>";
		};
		3F6FD463270ED21C000BC39D = {
			isa = PBXGroup;
			children = (
				3F6FD46E270ED21C000BC39D /* Al-Fath Project */,
				3F6FD46D270ED21C000BC39D /* Products */,
			);
			sourceTree = "<group>";
		};
		3F6FD46D270ED21C000BC39D /* Products */ = {
			isa = PBXGroup;
			children = (
				3F6FD46C270ED21C000BC39D /* Al-Fath Project.app */,
			);
			name = Products;
			sourceTree = "<group>";
		};
		3F6FD46E270ED21C000BC39D /* Al-Fath Project */ = {
			isa = PBXGroup;
			children = (
				0E8BBD69271869F400AA1377 /* Model */,
				0E8BBD68271869E900AA1377 /* ViewModel */,
				0E8BBD67271869E000AA1377 /* View */,
				3F6FD46F270ED21C000BC39D /* Al_Fath_ProjectApp.swift */,
				3F6FD471270ED21C000BC39D /* ContentView.swift */,
				3F6FD473270ED21F000BC39D /* Assets.xcassets */,
				3F6FD478270ED21F000BC39D /* Persistence.swift */,
				3F6FD47D270ED21F000BC39D /* Info.plist */,
				3F6FD47A270ED21F000BC39D /* Al_Fath_Project.xcdatamodeld */,
				3F6FD475270ED21F000BC39D /* Preview Content */,
			);
			path = "Al-Fath Project";
			sourceTree = "<group>";
		};
		3F6FD475270ED21F000BC39D /* Preview Content */ = {
			isa = PBXGroup;
			children = (
				3F6FD476270ED21F000BC39D /* Preview Assets.xcassets */,
			);
			path = "Preview Content";
			sourceTree = "<group>";
		};
/* End PBXGroup section */

/* Begin PBXNativeTarget section */
		3F6FD46B270ED21C000BC39D /* Al-Fath Project */ = {
			isa = PBXNativeTarget;
			buildConfigurationList = 3F6FD480270ED21F000BC39D /* Build configuration list for PBXNativeTarget "Al-Fath Project" */;
			buildPhases = (
				3F6FD468270ED21C000BC39D /* Sources */,
				3F6FD469270ED21C000BC39D /* Frameworks */,
				3F6FD46A270ED21C000BC39D /* Resources */,
			);
			buildRules = (
			);
			dependencies = (
			);
			name = "Al-Fath Project";
			productName = "Al-Fath Project";
			productReference = 3F6FD46C270ED21C000BC39D /* Al-Fath Project.app */;
			productType = "com.apple.product-type.application";
		};
/* End PBXNativeTarget section */

/* Begin PBXProject section */
		3F6FD464270ED21C000BC39D /* Project object */ = {
			isa = PBXProject;
			attributes = {
				LastSwiftUpdateCheck = 1250;
				LastUpgradeCheck = 1250;
				TargetAttributes = {
					3F6FD46B270ED21C000BC39D = {
						CreatedOnToolsVersion = 12.5.1;
					};
				};
			};
			buildConfigurationList = 3F6FD467270ED21C000BC39D /* Build configuration list for PBXProject "Al-Fath Project" */;
			compatibilityVersion = "Xcode 9.3";
			developmentRegion = en;
			hasScannedForEncodings = 0;
			knownRegions = (
				en,
				Base,
			);
			mainGroup = 3F6FD463270ED21C000BC39D;
			productRefGroup = 3F6FD46D270ED21C000BC39D /* Products */;
			projectDirPath = "";
			projectRoot = "";
			targets = (
				3F6FD46B270ED21C000BC39D /* Al-Fath Project */,
			);
		};
/* End PBXProject section */

/* Begin PBXResourcesBuildPhase section */
		3F6FD46A270ED21C000BC39D /* Resources */ = {
			isa = PBXResourcesBuildPhase;
			buildActionMask = 2147483647;
			files = (
				3F6FD477270ED21F000BC39D /* Preview Assets.xcassets in Resources */,
				3F6FD474270ED21F000BC39D /* Assets.xcassets in Resources */,
			);
			runOnlyForDeploymentPostprocessing = 0;
		};
/* End PBXResourcesBuildPhase section */

/* Begin PBXSourcesBuildPhase section */
		3F6FD468270ED21C000BC39D /* Sources */ = {
			isa = PBXSourcesBuildPhase;
			buildActionMask = 2147483647;
			files = (
				0E8BBD7727186EFA00AA1377 /* DictionaryView.swift in Sources */,
				3F6FD479270ED21F000BC39D /* Persistence.swift in Sources */,
				0E8BBD7027186B6E00AA1377 /* LearnView.swift in Sources */,
				0E8BBD7A27186F6C00AA1377 /* SettingsView.swift in Sources */,
				3F6FD47C270ED21F000BC39D /* Al_Fath_Project.xcdatamodeld in Sources */,
				0E8BBD7327186E9700AA1377 /* ChallengeView.swift in Sources */,
				3F6FD472270ED21C000BC39D /* ContentView.swift in Sources */,
				0E8BBD6D27186A5700AA1377 /* MainView.swift in Sources */,
				3F6FD470270ED21C000BC39D /* Al_Fath_ProjectApp.swift in Sources */,
			);
			runOnlyForDeploymentPostprocessing = 0;
		};
/* End PBXSourcesBuildPhase section */

/* Begin XCBuildConfiguration section */
		3F6FD47E270ED21F000BC39D /* Debug */ = {
			isa = XCBuildConfiguration;
			buildSettings = {
				ALWAYS_SEARCH_USER_PATHS = NO;
				CLANG_ANALYZER_NONNULL = YES;
				CLANG_ANALYZER_NUMBER_OBJECT_CONVERSION = YES_AGGRESSIVE;
				CLANG_CXX_LANGUAGE_STANDARD = "gnu++14";
				CLANG_CXX_LIBRARY = "libc++";
				CLANG_ENABLE_MODULES = YES;
				CLANG_ENABLE_OBJC_ARC = YES;
				CLANG_ENABLE_OBJC_WEAK = YES;
				CLANG_WARN_BLOCK_CAPTURE_AUTORELEASING = YES;
				CLANG_WARN_BOOL_CONVERSION = YES;
				CLANG_WARN_COMMA = YES;
				CLANG_WARN_CONSTANT_CONVERSION = YES;
				CLANG_WARN_DEPRECATED_OBJC_IMPLEMENTATIONS = YES;
				CLANG_WARN_DIRECT_OBJC_ISA_USAGE = YES_ERROR;
				CLANG_WARN_DOCUMENTATION_COMMENTS = YES;
				CLANG_WARN_EMPTY_BODY = YES;
				CLANG_WARN_ENUM_CONVERSION = YES;
				CLANG_WARN_INFINITE_RECURSION = YES;
				CLANG_WARN_INT_CONVERSION = YES;
				CLANG_WARN_NON_LITERAL_NULL_CONVERSION = YES;
				CLANG_WARN_OBJC_IMPLICIT_RETAIN_SELF = YES;
				CLANG_WARN_OBJC_LITERAL_CONVERSION = YES;
				CLANG_WARN_OBJC_ROOT_CLASS = YES_ERROR;
				CLANG_WARN_QUOTED_INCLUDE_IN_FRAMEWORK_HEADER = YES;
				CLANG_WARN_RANGE_LOOP_ANALYSIS = YES;
				CLANG_WARN_STRICT_PROTOTYPES = YES;
				CLANG_WARN_SUSPICIOUS_MOVE = YES;
				CLANG_WARN_UNGUARDED_AVAILABILITY = YES_AGGRESSIVE;
				CLANG_WARN_UNREACHABLE_CODE = YES;
				CLANG_WARN__DUPLICATE_METHOD_MATCH = YES;
				COPY_PHASE_STRIP = NO;
				DEBUG_INFORMATION_FORMAT = dwarf;
				ENABLE_STRICT_OBJC_MSGSEND = YES;
				ENABLE_TESTABILITY = YES;
				GCC_C_LANGUAGE_STANDARD = gnu11;
				GCC_DYNAMIC_NO_PIC = NO;
				GCC_NO_COMMON_BLOCKS = YES;
				GCC_OPTIMIZATION_LEVEL = 0;
				GCC_PREPROCESSOR_DEFINITIONS = (
					"DEBUG=1",
					"$(inherited)",
				);
				GCC_WARN_64_TO_32_BIT_CONVERSION = YES;
				GCC_WARN_ABOUT_RETURN_TYPE = YES_ERROR;
				GCC_WARN_UNDECLARED_SELECTOR = YES;
				GCC_WARN_UNINITIALIZED_AUTOS = YES_AGGRESSIVE;
				GCC_WARN_UNUSED_FUNCTION = YES;
				GCC_WARN_UNUSED_VARIABLE = YES;
				IPHONEOS_DEPLOYMENT_TARGET = 14.5;
				MTL_ENABLE_DEBUG_INFO = INCLUDE_SOURCE;
				MTL_FAST_MATH = YES;
				ONLY_ACTIVE_ARCH = YES;
				SDKROOT = iphoneos;
				SWIFT_ACTIVE_COMPILATION_CONDITIONS = DEBUG;
				SWIFT_OPTIMIZATION_LEVEL = "-Onone";
			};
			name = Debug;
		};
		3F6FD47F270ED21F000BC39D /* Release */ = {
			isa = XCBuildConfiguration;
			buildSettings = {
				ALWAYS_SEARCH_USER_PATHS = NO;
				CLANG_ANALYZER_NONNULL = YES;
				CLANG_ANALYZER_NUMBER_OBJECT_CONVERSION = YES_AGGRESSIVE;
				CLANG_CXX_LANGUAGE_STANDARD = "gnu++14";
				CLANG_CXX_LIBRARY = "libc++";
				CLANG_ENABLE_MODULES = YES;
				CLANG_ENABLE_OBJC_ARC = YES;
				CLANG_ENABLE_OBJC_WEAK = YES;
				CLANG_WARN_BLOCK_CAPTURE_AUTORELEASING = YES;
				CLANG_WARN_BOOL_CONVERSION = YES;
				CLANG_WARN_COMMA = YES;
				CLANG_WARN_CONSTANT_CONVERSION = YES;
				CLANG_WARN_DEPRECATED_OBJC_IMPLEMENTATIONS = YES;
				CLANG_WARN_DIRECT_OBJC_ISA_USAGE = YES_ERROR;
				CLANG_WARN_DOCUMENTATION_COMMENTS = YES;
				CLANG_WARN_EMPTY_BODY = YES;
				CLANG_WARN_ENUM_CONVERSION = YES;
				CLANG_WARN_INFINITE_RECURSION = YES;
				CLANG_WARN_INT_CONVERSION = YES;
				CLANG_WARN_NON_LITERAL_NULL_CONVERSION = YES;
				CLANG_WARN_OBJC_IMPLICIT_RETAIN_SELF = YES;
				CLANG_WARN_OBJC_LITERAL_CONVERSION = YES;
				CLANG_WARN_OBJC_ROOT_CLASS = YES_ERROR;
				CLANG_WARN_QUOTED_INCLUDE_IN_FRAMEWORK_HEADER = YES;
				CLANG_WARN_RANGE_LOOP_ANALYSIS = YES;
				CLANG_WARN_STRICT_PROTOTYPES = YES;
				CLANG_WARN_SUSPICIOUS_MOVE = YES;
				CLANG_WARN_UNGUARDED_AVAILABILITY = YES_AGGRESSIVE;
				CLANG_WARN_UNREACHABLE_CODE = YES;
				CLANG_WARN__DUPLICATE_METHOD_MATCH = YES;
				COPY_PHASE_STRIP = NO;
				DEBUG_INFORMATION_FORMAT = "dwarf-with-dsym";
				ENABLE_NS_ASSERTIONS = NO;
				ENABLE_STRICT_OBJC_MSGSEND = YES;
				GCC_C_LANGUAGE_STANDARD = gnu11;
				GCC_NO_COMMON_BLOCKS = YES;
				GCC_WARN_64_TO_32_BIT_CONVERSION = YES;
				GCC_WARN_ABOUT_RETURN_TYPE = YES_ERROR;
				GCC_WARN_UNDECLARED_SELECTOR = YES;
				GCC_WARN_UNINITIALIZED_AUTOS = YES_AGGRESSIVE;
				GCC_WARN_UNUSED_FUNCTION = YES;
				GCC_WARN_UNUSED_VARIABLE = YES;
				IPHONEOS_DEPLOYMENT_TARGET = 14.5;
				MTL_ENABLE_DEBUG_INFO = NO;
				MTL_FAST_MATH = YES;
				SDKROOT = iphoneos;
				SWIFT_COMPILATION_MODE = wholemodule;
				SWIFT_OPTIMIZATION_LEVEL = "-O";
				VALIDATE_PRODUCT = YES;
			};
			name = Release;
		};
		3F6FD481270ED21F000BC39D /* Debug */ = {
			isa = XCBuildConfiguration;
			buildSettings = {
				ASSETCATALOG_COMPILER_APPICON_NAME = AppIcon;
				ASSETCATALOG_COMPILER_GLOBAL_ACCENT_COLOR_NAME = AccentColor;
				CODE_SIGN_STYLE = Automatic;
				DEVELOPMENT_ASSET_PATHS = "\"Al-Fath Project/Preview Content\"";
				ENABLE_PREVIEWS = YES;
				INFOPLIST_FILE = "Al-Fath Project/Info.plist";
				IPHONEOS_DEPLOYMENT_TARGET = 14.0;
				LD_RUNPATH_SEARCH_PATHS = (
					"$(inherited)",
					"@executable_path/Frameworks",
				);
				PRODUCT_BUNDLE_IDENTIFIER = "id.firdaus1453.Al-Fath-Project";
				PRODUCT_NAME = "$(TARGET_NAME)";
				SWIFT_VERSION = 5.0;
				TARGETED_DEVICE_FAMILY = "1,2";
			};
			name = Debug;
		};
		3F6FD482270ED21F000BC39D /* Release */ = {
			isa = XCBuildConfiguration;
			buildSettings = {
				ASSETCATALOG_COMPILER_APPICON_NAME = AppIcon;
				ASSETCATALOG_COMPILER_GLOBAL_ACCENT_COLOR_NAME = AccentColor;
				CODE_SIGN_STYLE = Automatic;
				DEVELOPMENT_ASSET_PATHS = "\"Al-Fath Project/Preview Content\"";
				ENABLE_PREVIEWS = YES;
				INFOPLIST_FILE = "Al-Fath Project/Info.plist";
				IPHONEOS_DEPLOYMENT_TARGET = 14.0;
				LD_RUNPATH_SEARCH_PATHS = (
					"$(inherited)",
					"@executable_path/Frameworks",
				);
				PRODUCT_BUNDLE_IDENTIFIER = "id.firdaus1453.Al-Fath-Project";
				PRODUCT_NAME = "$(TARGET_NAME)";
				SWIFT_VERSION = 5.0;
				TARGETED_DEVICE_FAMILY = "1,2";
			};
			name = Release;
		};
/* End XCBuildConfiguration section */

/* Begin XCConfigurationList section */
		3F6FD467270ED21C000BC39D /* Build configuration list for PBXProject "Al-Fath Project" */ = {
			isa = XCConfigurationList;
			buildConfigurations = (
				3F6FD47E270ED21F000BC39D /* Debug */,
				3F6FD47F270ED21F000BC39D /* Release */,
			);
			defaultConfigurationIsVisible = 0;
			defaultConfigurationName = Release;
		};
		3F6FD480270ED21F000BC39D /* Build configuration list for PBXNativeTarget "Al-Fath Project" */ = {
			isa = XCConfigurationList;
			buildConfigurations = (
				3F6FD481270ED21F000BC39D /* Debug */,
				3F6FD482270ED21F000BC39D /* Release */,
			);
			defaultConfigurationIsVisible = 0;
			defaultConfigurationName = Release;
		};
/* End XCConfigurationList section */

/* Begin XCVersionGroup section */
		3F6FD47A270ED21F000BC39D /* Al_Fath_Project.xcdatamodeld */ = {
			isa = XCVersionGroup;
			children = (
				3F6FD47B270ED21F000BC39D /* Al_Fath_Project.xcdatamodel */,
			);
			currentVersion = 3F6FD47B270ED21F000BC39D /* Al_Fath_Project.xcdatamodel */;
			path = Al_Fath_Project.xcdatamodeld;
			sourceTree = "<group>";
			versionGroupType = wrapper.xcdatamodel;
		};
/* End XCVersionGroup section */
	};
	rootObject = 3F6FD464270ED21C000BC39D /* Project object */;
}
