// !$*UTF8*$!
{
	archiveVersion = 1;
	classes = {
	};
	objectVersion = 50;
	objects = {

/* Begin PBXBuildFile section */
		0E1BEF17273004150058D9EE /* UserViewModel.swift in Sources */ = {isa = PBXBuildFile; fileRef = 0E1BEF16273004150058D9EE /* UserViewModel.swift */; };
		0E202900273B977300CF291B /* Learn2View.swift in Sources */ = {isa = PBXBuildFile; fileRef = 0E2028FF273B977300CF291B /* Learn2View.swift */; };
		0E3B1F1F27329238006A991D /* Challenge3View.swift in Sources */ = {isa = PBXBuildFile; fileRef = 0E3B1F1E27329238006A991D /* Challenge3View.swift */; };
		0E3B1F2227329870006A991D /* GamesModel.swift in Sources */ = {isa = PBXBuildFile; fileRef = 0E3B1F2127329870006A991D /* GamesModel.swift */; };
		0E4ADCE32741EFC400C23D11 /* ProgressBarView.swift in Sources */ = {isa = PBXBuildFile; fileRef = 0E4ADCE22741EFC400C23D11 /* ProgressBarView.swift */; };
		0E4ADCE52741FB0100C23D11 /* HurufView.swift in Sources */ = {isa = PBXBuildFile; fileRef = 0E4ADCE42741FB0100C23D11 /* HurufView.swift */; };
		0E4ADCE72741FB1800C23D11 /* KataView.swift in Sources */ = {isa = PBXBuildFile; fileRef = 0E4ADCE62741FB1800C23D11 /* KataView.swift */; };
		0E4ADCE92741FB3000C23D11 /* PencocokanView.swift in Sources */ = {isa = PBXBuildFile; fileRef = 0E4ADCE82741FB3000C23D11 /* PencocokanView.swift */; };
		0E5A39BD2741499300C5380F /* alif.mp4 in Resources */ = {isa = PBXBuildFile; fileRef = 0E5A39BC2741499300C5380F /* alif.mp4 */; };
		0E5A39BF27414AC600C5380F /* CorrectView.swift in Sources */ = {isa = PBXBuildFile; fileRef = 0E5A39BE27414AC600C5380F /* CorrectView.swift */; };
		0E5A39C227414BCB00C5380F /* CheckpointView.swift in Sources */ = {isa = PBXBuildFile; fileRef = 0E5A39C127414BCB00C5380F /* CheckpointView.swift */; };
		0E5A39C527414C2C00C5380F /* MPLUSRounded1c-Regular.ttf in Resources */ = {isa = PBXBuildFile; fileRef = 0E5A39C427414C2C00C5380F /* MPLUSRounded1c-Regular.ttf */; };
		0E5A39C727414C3800C5380F /* MPLUSRounded1c-Bold.ttf in Resources */ = {isa = PBXBuildFile; fileRef = 0E5A39C627414C3800C5380F /* MPLUSRounded1c-Bold.ttf */; };
		0E5A39C927414C4100C5380F /* ScheherazadeNew-Regular.ttf in Resources */ = {isa = PBXBuildFile; fileRef = 0E5A39C827414C4100C5380F /* ScheherazadeNew-Regular.ttf */; };
		0E63CF66272AA1A0008D129A /* OnboardingView.swift in Sources */ = {isa = PBXBuildFile; fileRef = 0E63CF65272AA1A0008D129A /* OnboardingView.swift */; };
		0E63CF69272AA3B0008D129A /* Extension.swift in Sources */ = {isa = PBXBuildFile; fileRef = 0E63CF68272AA3B0008D129A /* Extension.swift */; };
		0E63CF6C272AABF8008D129A /* IndexView.swift in Sources */ = {isa = PBXBuildFile; fileRef = 0E63CF6B272AABF8008D129A /* IndexView.swift */; };
		0E7052F7273AAA0D002ABCE3 /* LearnViewModel.swift in Sources */ = {isa = PBXBuildFile; fileRef = 0E7052F6273AAA0D002ABCE3 /* LearnViewModel.swift */; };
		0E8BBD6D27186A5700AA1377 /* MainView.swift in Sources */ = {isa = PBXBuildFile; fileRef = 0E8BBD6C27186A5700AA1377 /* MainView.swift */; };
		0E8BBD7027186B6E00AA1377 /* LearnView.swift in Sources */ = {isa = PBXBuildFile; fileRef = 0E8BBD6F27186B6E00AA1377 /* LearnView.swift */; };
		0E8BBD7327186E9700AA1377 /* ChallengeView.swift in Sources */ = {isa = PBXBuildFile; fileRef = 0E8BBD7227186E9700AA1377 /* ChallengeView.swift */; };
		0E8BBD7727186EFA00AA1377 /* DictionaryView.swift in Sources */ = {isa = PBXBuildFile; fileRef = 0E8BBD7627186EFA00AA1377 /* DictionaryView.swift */; };
		0E8BBD7A27186F6C00AA1377 /* SettingsView.swift in Sources */ = {isa = PBXBuildFile; fileRef = 0E8BBD7927186F6C00AA1377 /* SettingsView.swift */; };
		0E8C11EA2728072F0092D9B2 /* VideoView.swift in Sources */ = {isa = PBXBuildFile; fileRef = 0E8C11E92728072F0092D9B2 /* VideoView.swift */; };
		0E8C11EE27280DF90092D9B2 /* video1.mp4 in Resources */ = {isa = PBXBuildFile; fileRef = 0E8C11ED27280C2B0092D9B2 /* video1.mp4 */; };
		0EC81E8D2738C35C00AAC6A8 /* GamesDB.xcdatamodeld in Sources */ = {isa = PBXBuildFile; fileRef = 0EC81E8B2738C35C00AAC6A8 /* GamesDB.xcdatamodeld */; };
		0EC81E8F2738C47E00AAC6A8 /* Presistence.swift in Sources */ = {isa = PBXBuildFile; fileRef = 0EC81E8E2738C47E00AAC6A8 /* Presistence.swift */; };
		0EC81E912738C4D800AAC6A8 /* Constans.swift in Sources */ = {isa = PBXBuildFile; fileRef = 0EC81E902738C4D800AAC6A8 /* Constans.swift */; };
		0EC81E942738C97D00AAC6A8 /* Learn1View.swift in Sources */ = {isa = PBXBuildFile; fileRef = 0EC81E932738C97D00AAC6A8 /* Learn1View.swift */; };
		0EF2BA852733C654006A797C /* ChallengeViewModel.swift in Sources */ = {isa = PBXBuildFile; fileRef = 0EF2BA842733C654006A797C /* ChallengeViewModel.swift */; };
		0EF2BA872733DE5E006A797C /* ChallengeDoneView.swift in Sources */ = {isa = PBXBuildFile; fileRef = 0EF2BA862733DE5E006A797C /* ChallengeDoneView.swift */; };
		3F6FD470270ED21C000BC39D /* Al_Fath_ProjectApp.swift in Sources */ = {isa = PBXBuildFile; fileRef = 3F6FD46F270ED21C000BC39D /* Al_Fath_ProjectApp.swift */; };
		3F6FD472270ED21C000BC39D /* ContentView.swift in Sources */ = {isa = PBXBuildFile; fileRef = 3F6FD471270ED21C000BC39D /* ContentView.swift */; };
		3F6FD474270ED21F000BC39D /* Assets.xcassets in Resources */ = {isa = PBXBuildFile; fileRef = 3F6FD473270ED21F000BC39D /* Assets.xcassets */; };
		3F6FD477270ED21F000BC39D /* Preview Assets.xcassets in Resources */ = {isa = PBXBuildFile; fileRef = 3F6FD476270ED21F000BC39D /* Preview Assets.xcassets */; };
		3F6FD479270ED21F000BC39D /* Persistence.swift in Sources */ = {isa = PBXBuildFile; fileRef = 3F6FD478270ED21F000BC39D /* Persistence.swift */; };
		3F6FD47C270ED21F000BC39D /* Al_Fath_Project.xcdatamodeld in Sources */ = {isa = PBXBuildFile; fileRef = 3F6FD47A270ED21F000BC39D /* Al_Fath_Project.xcdatamodeld */; };
		440CF2FB2743BD4D00D38241 /* DictionaryViewModel.swift in Sources */ = {isa = PBXBuildFile; fileRef = 440CF2FA2743BD4D00D38241 /* DictionaryViewModel.swift */; };
		E7ACE39C273D1F6100E388F2 /* HandPose_Cobacoba.mlmodel in Sources */ = {isa = PBXBuildFile; fileRef = E7ACE39B273D1F6100E388F2 /* HandPose_Cobacoba.mlmodel */; };
		E7D88385273BDEE6006E80E8 /* CameraViewController.swift in Sources */ = {isa = PBXBuildFile; fileRef = E7D88384273BDEE6006E80E8 /* CameraViewController.swift */; };
		E7D88387273BDFF1006E80E8 /* CameraPreview.swift in Sources */ = {isa = PBXBuildFile; fileRef = E7D88386273BDFF1006E80E8 /* CameraPreview.swift */; };
		E7D88389273BE0A0006E80E8 /* CameraView.swift in Sources */ = {isa = PBXBuildFile; fileRef = E7D88388273BE0A0006E80E8 /* CameraView.swift */; };
		E7D8838B273BE166006E80E8 /* AppError.swift in Sources */ = {isa = PBXBuildFile; fileRef = E7D8838A273BE166006E80E8 /* AppError.swift */; };
		E7DE2EDF273FD36800090DE6 /* HandPose_SignLangAr.mlmodel in Sources */ = {isa = PBXBuildFile; fileRef = E7DE2EDE273FD36800090DE6 /* HandPose_SignLangAr.mlmodel */; };
/* End PBXBuildFile section */

/* Begin PBXFileReference section */
		0E1BEF16273004150058D9EE /* UserViewModel.swift */ = {isa = PBXFileReference; lastKnownFileType = sourcecode.swift; path = UserViewModel.swift; sourceTree = "<group>"; };
		0E2028FF273B977300CF291B /* Learn2View.swift */ = {isa = PBXFileReference; lastKnownFileType = sourcecode.swift; path = Learn2View.swift; sourceTree = "<group>"; };
		0E3B1F1E27329238006A991D /* Challenge3View.swift */ = {isa = PBXFileReference; lastKnownFileType = sourcecode.swift; path = Challenge3View.swift; sourceTree = "<group>"; };
		0E3B1F2127329870006A991D /* GamesModel.swift */ = {isa = PBXFileReference; lastKnownFileType = sourcecode.swift; path = GamesModel.swift; sourceTree = "<group>"; };
		0E4ADCE22741EFC400C23D11 /* ProgressBarView.swift */ = {isa = PBXFileReference; lastKnownFileType = sourcecode.swift; path = ProgressBarView.swift; sourceTree = "<group>"; };
		0E4ADCE42741FB0100C23D11 /* HurufView.swift */ = {isa = PBXFileReference; lastKnownFileType = sourcecode.swift; path = HurufView.swift; sourceTree = "<group>"; };
		0E4ADCE62741FB1800C23D11 /* KataView.swift */ = {isa = PBXFileReference; lastKnownFileType = sourcecode.swift; path = KataView.swift; sourceTree = "<group>"; };
		0E4ADCE82741FB3000C23D11 /* PencocokanView.swift */ = {isa = PBXFileReference; lastKnownFileType = sourcecode.swift; path = PencocokanView.swift; sourceTree = "<group>"; };
		0E5A39BC2741499300C5380F /* alif.mp4 */ = {isa = PBXFileReference; lastKnownFileType = file; path = alif.mp4; sourceTree = "<group>"; };
		0E5A39BE27414AC600C5380F /* CorrectView.swift */ = {isa = PBXFileReference; lastKnownFileType = sourcecode.swift; path = CorrectView.swift; sourceTree = "<group>"; };
		0E5A39C127414BCB00C5380F /* CheckpointView.swift */ = {isa = PBXFileReference; lastKnownFileType = sourcecode.swift; path = CheckpointView.swift; sourceTree = "<group>"; };
		0E5A39C427414C2C00C5380F /* MPLUSRounded1c-Regular.ttf */ = {isa = PBXFileReference; lastKnownFileType = file; path = "MPLUSRounded1c-Regular.ttf"; sourceTree = "<group>"; };
		0E5A39C627414C3800C5380F /* MPLUSRounded1c-Bold.ttf */ = {isa = PBXFileReference; lastKnownFileType = file; path = "MPLUSRounded1c-Bold.ttf"; sourceTree = "<group>"; };
		0E5A39C827414C4100C5380F /* ScheherazadeNew-Regular.ttf */ = {isa = PBXFileReference; lastKnownFileType = file; path = "ScheherazadeNew-Regular.ttf"; sourceTree = "<group>"; };
		0E63CF65272AA1A0008D129A /* OnboardingView.swift */ = {isa = PBXFileReference; lastKnownFileType = sourcecode.swift; path = OnboardingView.swift; sourceTree = "<group>"; };
		0E63CF68272AA3B0008D129A /* Extension.swift */ = {isa = PBXFileReference; lastKnownFileType = sourcecode.swift; path = Extension.swift; sourceTree = "<group>"; };
		0E63CF6B272AABF8008D129A /* IndexView.swift */ = {isa = PBXFileReference; lastKnownFileType = sourcecode.swift; path = IndexView.swift; sourceTree = "<group>"; };
		0E7052F6273AAA0D002ABCE3 /* LearnViewModel.swift */ = {isa = PBXFileReference; lastKnownFileType = sourcecode.swift; path = LearnViewModel.swift; sourceTree = "<group>"; };
		0E8BBD6C27186A5700AA1377 /* MainView.swift */ = {isa = PBXFileReference; lastKnownFileType = sourcecode.swift; path = MainView.swift; sourceTree = "<group>"; };
		0E8BBD6F27186B6E00AA1377 /* LearnView.swift */ = {isa = PBXFileReference; lastKnownFileType = sourcecode.swift; path = LearnView.swift; sourceTree = "<group>"; };
		0E8BBD7227186E9700AA1377 /* ChallengeView.swift */ = {isa = PBXFileReference; lastKnownFileType = sourcecode.swift; path = ChallengeView.swift; sourceTree = "<group>"; };
		0E8BBD7627186EFA00AA1377 /* DictionaryView.swift */ = {isa = PBXFileReference; lastKnownFileType = sourcecode.swift; path = DictionaryView.swift; sourceTree = "<group>"; };
		0E8BBD7927186F6C00AA1377 /* SettingsView.swift */ = {isa = PBXFileReference; lastKnownFileType = sourcecode.swift; path = SettingsView.swift; sourceTree = "<group>"; };
		0E8C11E92728072F0092D9B2 /* VideoView.swift */ = {isa = PBXFileReference; lastKnownFileType = sourcecode.swift; path = VideoView.swift; sourceTree = "<group>"; };
		0E8C11ED27280C2B0092D9B2 /* video1.mp4 */ = {isa = PBXFileReference; lastKnownFileType = file; path = video1.mp4; sourceTree = "<group>"; };
		0EC81E8C2738C35C00AAC6A8 /* JourneyEntity.xcdatamodel */ = {isa = PBXFileReference; lastKnownFileType = wrapper.xcdatamodel; path = JourneyEntity.xcdatamodel; sourceTree = "<group>"; };
		0EC81E8E2738C47E00AAC6A8 /* Presistence.swift */ = {isa = PBXFileReference; lastKnownFileType = sourcecode.swift; path = Presistence.swift; sourceTree = "<group>"; };
		0EC81E902738C4D800AAC6A8 /* Constans.swift */ = {isa = PBXFileReference; lastKnownFileType = sourcecode.swift; path = Constans.swift; sourceTree = "<group>"; };
		0EC81E932738C97D00AAC6A8 /* Learn1View.swift */ = {isa = PBXFileReference; lastKnownFileType = sourcecode.swift; path = Learn1View.swift; sourceTree = "<group>"; };
		0EF2BA842733C654006A797C /* ChallengeViewModel.swift */ = {isa = PBXFileReference; lastKnownFileType = sourcecode.swift; path = ChallengeViewModel.swift; sourceTree = "<group>"; };
		0EF2BA862733DE5E006A797C /* ChallengeDoneView.swift */ = {isa = PBXFileReference; lastKnownFileType = sourcecode.swift; path = ChallengeDoneView.swift; sourceTree = "<group>"; };
		3F6FD46C270ED21C000BC39D /* Al-Fath Project.app */ = {isa = PBXFileReference; explicitFileType = wrapper.application; includeInIndex = 0; path = "Al-Fath Project.app"; sourceTree = BUILT_PRODUCTS_DIR; };
		3F6FD46F270ED21C000BC39D /* Al_Fath_ProjectApp.swift */ = {isa = PBXFileReference; lastKnownFileType = sourcecode.swift; path = Al_Fath_ProjectApp.swift; sourceTree = "<group>"; };
		3F6FD471270ED21C000BC39D /* ContentView.swift */ = {isa = PBXFileReference; lastKnownFileType = sourcecode.swift; path = ContentView.swift; sourceTree = "<group>"; };
		3F6FD473270ED21F000BC39D /* Assets.xcassets */ = {isa = PBXFileReference; lastKnownFileType = folder.assetcatalog; path = Assets.xcassets; sourceTree = "<group>"; };
		3F6FD476270ED21F000BC39D /* Preview Assets.xcassets */ = {isa = PBXFileReference; lastKnownFileType = folder.assetcatalog; path = "Preview Assets.xcassets"; sourceTree = "<group>"; };
		3F6FD478270ED21F000BC39D /* Persistence.swift */ = {isa = PBXFileReference; lastKnownFileType = sourcecode.swift; path = Persistence.swift; sourceTree = "<group>"; };
		3F6FD47B270ED21F000BC39D /* Al_Fath_Project.xcdatamodel */ = {isa = PBXFileReference; lastKnownFileType = wrapper.xcdatamodel; path = Al_Fath_Project.xcdatamodel; sourceTree = "<group>"; };
		3F6FD47D270ED21F000BC39D /* Info.plist */ = {isa = PBXFileReference; lastKnownFileType = text.plist.xml; path = Info.plist; sourceTree = "<group>"; };
		440CF2FA2743BD4D00D38241 /* DictionaryViewModel.swift */ = {isa = PBXFileReference; lastKnownFileType = sourcecode.swift; path = DictionaryViewModel.swift; sourceTree = "<group>"; };
		E7ACE39B273D1F6100E388F2 /* HandPose_Cobacoba.mlmodel */ = {isa = PBXFileReference; lastKnownFileType = file.mlmodel; path = HandPose_Cobacoba.mlmodel; sourceTree = "<group>"; };
		E7D88384273BDEE6006E80E8 /* CameraViewController.swift */ = {isa = PBXFileReference; lastKnownFileType = sourcecode.swift; path = CameraViewController.swift; sourceTree = "<group>"; };
		E7D88386273BDFF1006E80E8 /* CameraPreview.swift */ = {isa = PBXFileReference; lastKnownFileType = sourcecode.swift; path = CameraPreview.swift; sourceTree = "<group>"; };
		E7D88388273BE0A0006E80E8 /* CameraView.swift */ = {isa = PBXFileReference; lastKnownFileType = sourcecode.swift; path = CameraView.swift; sourceTree = "<group>"; };
		E7D8838A273BE166006E80E8 /* AppError.swift */ = {isa = PBXFileReference; lastKnownFileType = sourcecode.swift; path = AppError.swift; sourceTree = "<group>"; };
		E7DE2EDE273FD36800090DE6 /* HandPose_SignLangAr.mlmodel */ = {isa = PBXFileReference; lastKnownFileType = file.mlmodel; path = HandPose_SignLangAr.mlmodel; sourceTree = "<group>"; };
/* End PBXFileReference section */

/* Begin PBXFrameworksBuildPhase section */
		3F6FD469270ED21C000BC39D /* Frameworks */ = {
			isa = PBXFrameworksBuildPhase;
			buildActionMask = 2147483647;
			files = (
			);
			runOnlyForDeploymentPostprocessing = 0;
		};
/* End PBXFrameworksBuildPhase section */

/* Begin PBXGroup section */
		0E3B1F1D27329214006A991D /* Challenge3 */ = {
			isa = PBXGroup;
			children = (
				0E3B1F1E27329238006A991D /* Challenge3View.swift */,
			);
			path = Challenge3;
			sourceTree = "<group>";
		};
		0E5A39C027414B9B00C5380F /* Checkpoint */ = {
			isa = PBXGroup;
			children = (
				0EF2BA842733C654006A797C /* ChallengeViewModel.swift */,
				0E5A39C127414BCB00C5380F /* CheckpointView.swift */,
				0E4ADCE42741FB0100C23D11 /* HurufView.swift */,
				0E4ADCE62741FB1800C23D11 /* KataView.swift */,
				0E4ADCE82741FB3000C23D11 /* PencocokanView.swift */,
			);
			path = Checkpoint;
			sourceTree = "<group>";
		};
		0E5A39C327414C1800C5380F /* Fonts */ = {
			isa = PBXGroup;
			children = (
				0E5A39C827414C4100C5380F /* ScheherazadeNew-Regular.ttf */,
				0E5A39C627414C3800C5380F /* MPLUSRounded1c-Bold.ttf */,
				0E5A39C427414C2C00C5380F /* MPLUSRounded1c-Regular.ttf */,
			);
			path = Fonts;
			sourceTree = "<group>";
		};
		0E63CF64272AA05B008D129A /* OnBoarding */ = {
			isa = PBXGroup;
			children = (
				0E63CF65272AA1A0008D129A /* OnboardingView.swift */,
			);
			path = OnBoarding;
			sourceTree = "<group>";
		};
		0E63CF67272AA39A008D129A /* Utils */ = {
			isa = PBXGroup;
			children = (
				0E63CF68272AA3B0008D129A /* Extension.swift */,
				0EC81E902738C4D800AAC6A8 /* Constans.swift */,
				E7D8838A273BE166006E80E8 /* AppError.swift */,
			);
			path = Utils;
			sourceTree = "<group>";
		};
		0E63CF6A272AABB2008D129A /* UtilsView */ = {
			isa = PBXGroup;
			children = (
				0E63CF6B272AABF8008D129A /* IndexView.swift */,
				0E5A39BE27414AC600C5380F /* CorrectView.swift */,
				0E4ADCE22741EFC400C23D11 /* ProgressBarView.swift */,
			);
			path = UtilsView;
			sourceTree = "<group>";
		};
		0E8BBD67271869E000AA1377 /* View */ = {
			isa = PBXGroup;
			children = (
				0E5A39C027414B9B00C5380F /* Checkpoint */,
				E7D88380273BD581006E80E8 /* HandposeDetection */,
				0E63CF64272AA05B008D129A /* OnBoarding */,
				0E8C11E8272806E00092D9B2 /* Video */,
				0E8BBD7827186F4000AA1377 /* Settings */,
				0E8BBD7427186EDB00AA1377 /* Dictionary */,
				0E8BBD7127186E6900AA1377 /* Challenge */,
				0E8BBD6E27186B4A00AA1377 /* Learn */,
				0E8BBD6C27186A5700AA1377 /* MainView.swift */,
			);
			path = View;
			sourceTree = "<group>";
		};
		0E8BBD68271869E900AA1377 /* ViewModel */ = {
			isa = PBXGroup;
			children = (
				0E1BEF16273004150058D9EE /* UserViewModel.swift */,
			);
			path = ViewModel;
			sourceTree = "<group>";
		};
		0E8BBD69271869F400AA1377 /* Model */ = {
			isa = PBXGroup;
			children = (
				0E3B1F2127329870006A991D /* GamesModel.swift */,
			);
			path = Model;
			sourceTree = "<group>";
		};
		0E8BBD6E27186B4A00AA1377 /* Learn */ = {
			isa = PBXGroup;
			children = (
				0EC81E922738C95900AAC6A8 /* LearnJouney */,
				0E8BBD6F27186B6E00AA1377 /* LearnView.swift */,
				0E7052F6273AAA0D002ABCE3 /* LearnViewModel.swift */,
			);
			path = Learn;
			sourceTree = "<group>";
		};
		0E8BBD7127186E6900AA1377 /* Challenge */ = {
			isa = PBXGroup;
			children = (
				0E3B1F1D27329214006A991D /* Challenge3 */,
				0E8BBD7227186E9700AA1377 /* ChallengeView.swift */,
				0EF2BA862733DE5E006A797C /* ChallengeDoneView.swift */,
			);
			path = Challenge;
			sourceTree = "<group>";
		};
		0E8BBD7427186EDB00AA1377 /* Dictionary */ = {
			isa = PBXGroup;
			children = (
				0E8BBD7627186EFA00AA1377 /* DictionaryView.swift */,
				440CF2FA2743BD4D00D38241 /* DictionaryViewModel.swift */,
			);
			path = Dictionary;
			sourceTree = "<group>";
		};
		0E8BBD7827186F4000AA1377 /* Settings */ = {
			isa = PBXGroup;
			children = (
				0E8BBD7927186F6C00AA1377 /* SettingsView.swift */,
			);
			path = Settings;
			sourceTree = "<group>";
		};
		0E8C11E8272806E00092D9B2 /* Video */ = {
			isa = PBXGroup;
			children = (
				0E8C11E92728072F0092D9B2 /* VideoView.swift */,
			);
			path = Video;
			sourceTree = "<group>";
		};
		0E8C11EC27280C200092D9B2 /* File */ = {
			isa = PBXGroup;
			children = (
				0E5A39BC2741499300C5380F /* alif.mp4 */,
				0E8C11ED27280C2B0092D9B2 /* video1.mp4 */,
			);
			path = File;
			sourceTree = "<group>";
		};
		0EC81E892738C2F600AAC6A8 /* Data */ = {
			isa = PBXGroup;
			children = (
				0EC81E8A2738C2FE00AAC6A8 /* Local */,
			);
			path = Data;
			sourceTree = "<group>";
		};
		0EC81E8A2738C2FE00AAC6A8 /* Local */ = {
			isa = PBXGroup;
			children = (
				0EC81E8B2738C35C00AAC6A8 /* GamesDB.xcdatamodeld */,
				0EC81E8E2738C47E00AAC6A8 /* Presistence.swift */,
			);
			path = Local;
			sourceTree = "<group>";
		};
		0EC81E922738C95900AAC6A8 /* LearnJouney */ = {
			isa = PBXGroup;
			children = (
				0EC81E932738C97D00AAC6A8 /* Learn1View.swift */,
				0E2028FF273B977300CF291B /* Learn2View.swift */,
			);
			path = LearnJouney;
			sourceTree = "<group>";
		};
		3F6FD463270ED21C000BC39D = {
			isa = PBXGroup;
			children = (
				3F6FD46E270ED21C000BC39D /* Al-Fath Project */,
				3F6FD46D270ED21C000BC39D /* Products */,
			);
			sourceTree = "<group>";
		};
		3F6FD46D270ED21C000BC39D /* Products */ = {
			isa = PBXGroup;
			children = (
				3F6FD46C270ED21C000BC39D /* Al-Fath Project.app */,
			);
			name = Products;
			sourceTree = "<group>";
		};
		3F6FD46E270ED21C000BC39D /* Al-Fath Project */ = {
			isa = PBXGroup;
			children = (
				0E5A39C327414C1800C5380F /* Fonts */,
				0EC81E892738C2F600AAC6A8 /* Data */,
				0E63CF6A272AABB2008D129A /* UtilsView */,
				0E63CF67272AA39A008D129A /* Utils */,
				0E8C11EC27280C200092D9B2 /* File */,
				0E8BBD69271869F400AA1377 /* Model */,
				0E8BBD68271869E900AA1377 /* ViewModel */,
				0E8BBD67271869E000AA1377 /* View */,
				3F6FD46F270ED21C000BC39D /* Al_Fath_ProjectApp.swift */,
				3F6FD471270ED21C000BC39D /* ContentView.swift */,
				3F6FD473270ED21F000BC39D /* Assets.xcassets */,
				3F6FD478270ED21F000BC39D /* Persistence.swift */,
				3F6FD47D270ED21F000BC39D /* Info.plist */,
				3F6FD47A270ED21F000BC39D /* Al_Fath_Project.xcdatamodeld */,
				3F6FD475270ED21F000BC39D /* Preview Content */,
			);
			path = "Al-Fath Project";
			sourceTree = "<group>";
		};
		3F6FD475270ED21F000BC39D /* Preview Content */ = {
			isa = PBXGroup;
			children = (
				3F6FD476270ED21F000BC39D /* Preview Assets.xcassets */,
			);
			path = "Preview Content";
			sourceTree = "<group>";
		};
		E7D88380273BD581006E80E8 /* HandposeDetection */ = {
			isa = PBXGroup;
			children = (
				E7DE2EDE273FD36800090DE6 /* HandPose_SignLangAr.mlmodel */,
				E7ACE39B273D1F6100E388F2 /* HandPose_Cobacoba.mlmodel */,
				E7D88383273BDEB3006E80E8 /* CameraView */,
			);
			path = HandposeDetection;
			sourceTree = "<group>";
		};
		E7D88383273BDEB3006E80E8 /* CameraView */ = {
			isa = PBXGroup;
			children = (
				E7D88384273BDEE6006E80E8 /* CameraViewController.swift */,
				E7D88386273BDFF1006E80E8 /* CameraPreview.swift */,
				E7D88388273BE0A0006E80E8 /* CameraView.swift */,
			);
			path = CameraView;
			sourceTree = "<group>";
		};
/* End PBXGroup section */

/* Begin PBXNativeTarget section */
		3F6FD46B270ED21C000BC39D /* Al-Fath Project */ = {
			isa = PBXNativeTarget;
			buildConfigurationList = 3F6FD480270ED21F000BC39D /* Build configuration list for PBXNativeTarget "Al-Fath Project" */;
			buildPhases = (
				3F6FD468270ED21C000BC39D /* Sources */,
				3F6FD469270ED21C000BC39D /* Frameworks */,
				3F6FD46A270ED21C000BC39D /* Resources */,
			);
			buildRules = (
			);
			dependencies = (
			);
			name = "Al-Fath Project";
			productName = "Al-Fath Project";
			productReference = 3F6FD46C270ED21C000BC39D /* Al-Fath Project.app */;
			productType = "com.apple.product-type.application";
		};
/* End PBXNativeTarget section */

/* Begin PBXProject section */
		3F6FD464270ED21C000BC39D /* Project object */ = {
			isa = PBXProject;
			attributes = {
				LastSwiftUpdateCheck = 1250;
				LastUpgradeCheck = 1250;
				TargetAttributes = {
					3F6FD46B270ED21C000BC39D = {
						CreatedOnToolsVersion = 12.5.1;
					};
				};
			};
			buildConfigurationList = 3F6FD467270ED21C000BC39D /* Build configuration list for PBXProject "Al-Fath Project" */;
			compatibilityVersion = "Xcode 9.3";
			developmentRegion = en;
			hasScannedForEncodings = 0;
			knownRegions = (
				en,
				Base,
			);
			mainGroup = 3F6FD463270ED21C000BC39D;
			productRefGroup = 3F6FD46D270ED21C000BC39D /* Products */;
			projectDirPath = "";
			projectRoot = "";
			targets = (
				3F6FD46B270ED21C000BC39D /* Al-Fath Project */,
			);
		};
/* End PBXProject section */

/* Begin PBXResourcesBuildPhase section */
		3F6FD46A270ED21C000BC39D /* Resources */ = {
			isa = PBXResourcesBuildPhase;
			buildActionMask = 2147483647;
			files = (
				0E5A39C527414C2C00C5380F /* MPLUSRounded1c-Regular.ttf in Resources */,
				0E8C11EE27280DF90092D9B2 /* video1.mp4 in Resources */,
				3F6FD477270ED21F000BC39D /* Preview Assets.xcassets in Resources */,
				3F6FD474270ED21F000BC39D /* Assets.xcassets in Resources */,
				0E5A39C927414C4100C5380F /* ScheherazadeNew-Regular.ttf in Resources */,
				0E5A39BD2741499300C5380F /* alif.mp4 in Resources */,
				0E5A39C727414C3800C5380F /* MPLUSRounded1c-Bold.ttf in Resources */,
			);
			runOnlyForDeploymentPostprocessing = 0;
		};
/* End PBXResourcesBuildPhase section */

/* Begin PBXSourcesBuildPhase section */
		3F6FD468270ED21C000BC39D /* Sources */ = {
			isa = PBXSourcesBuildPhase;
			buildActionMask = 2147483647;
			files = (
				0E8BBD7727186EFA00AA1377 /* DictionaryView.swift in Sources */,
				3F6FD479270ED21F000BC39D /* Persistence.swift in Sources */,
				0E8BBD7027186B6E00AA1377 /* LearnView.swift in Sources */,
				E7D88387273BDFF1006E80E8 /* CameraPreview.swift in Sources */,
				E7DE2EDF273FD36800090DE6 /* HandPose_SignLangAr.mlmodel in Sources */,
				0E63CF69272AA3B0008D129A /* Extension.swift in Sources */,
				0E8BBD7A27186F6C00AA1377 /* SettingsView.swift in Sources */,
				0EC81E912738C4D800AAC6A8 /* Constans.swift in Sources */,
				0EF2BA852733C654006A797C /* ChallengeViewModel.swift in Sources */,
				0EC81E8D2738C35C00AAC6A8 /* GamesDB.xcdatamodeld in Sources */,
				0E1BEF17273004150058D9EE /* UserViewModel.swift in Sources */,
				0EC81E942738C97D00AAC6A8 /* Learn1View.swift in Sources */,
				0E3B1F1F27329238006A991D /* Challenge3View.swift in Sources */,
				0EC81E8F2738C47E00AAC6A8 /* Presistence.swift in Sources */,
				0E7052F7273AAA0D002ABCE3 /* LearnViewModel.swift in Sources */,
				E7D88389273BE0A0006E80E8 /* CameraView.swift in Sources */,
				0E4ADCE32741EFC400C23D11 /* ProgressBarView.swift in Sources */,
				3F6FD47C270ED21F000BC39D /* Al_Fath_Project.xcdatamodeld in Sources */,
				0E5A39BF27414AC600C5380F /* CorrectView.swift in Sources */,
				0E5A39C227414BCB00C5380F /* CheckpointView.swift in Sources */,
				0E4ADCE72741FB1800C23D11 /* KataView.swift in Sources */,
				0E8BBD7327186E9700AA1377 /* ChallengeView.swift in Sources */,
				0EF2BA872733DE5E006A797C /* ChallengeDoneView.swift in Sources */,
				E7D88385273BDEE6006E80E8 /* CameraViewController.swift in Sources */,
				0E3B1F2227329870006A991D /* GamesModel.swift in Sources */,
				0E8C11EA2728072F0092D9B2 /* VideoView.swift in Sources */,
				0E202900273B977300CF291B /* Learn2View.swift in Sources */,
				3F6FD472270ED21C000BC39D /* ContentView.swift in Sources */,
				0E8BBD6D27186A5700AA1377 /* MainView.swift in Sources */,
				3F6FD470270ED21C000BC39D /* Al_Fath_ProjectApp.swift in Sources */,
				440CF2FB2743BD4D00D38241 /* DictionaryViewModel.swift in Sources */,
				0E63CF6C272AABF8008D129A /* IndexView.swift in Sources */,
				E7D8838B273BE166006E80E8 /* AppError.swift in Sources */,
				0E63CF66272AA1A0008D129A /* OnboardingView.swift in Sources */,
				E7ACE39C273D1F6100E388F2 /* HandPose_Cobacoba.mlmodel in Sources */,
				0E4ADCE52741FB0100C23D11 /* HurufView.swift in Sources */,
				0E4ADCE92741FB3000C23D11 /* PencocokanView.swift in Sources */,
			);
			runOnlyForDeploymentPostprocessing = 0;
		};
/* End PBXSourcesBuildPhase section */

/* Begin XCBuildConfiguration section */
		3F6FD47E270ED21F000BC39D /* Debug */ = {
			isa = XCBuildConfiguration;
			buildSettings = {
				ALWAYS_SEARCH_USER_PATHS = NO;
				CLANG_ANALYZER_NONNULL = YES;
				CLANG_ANALYZER_NUMBER_OBJECT_CONVERSION = YES_AGGRESSIVE;
				CLANG_CXX_LANGUAGE_STANDARD = "gnu++14";
				CLANG_CXX_LIBRARY = "libc++";
				CLANG_ENABLE_MODULES = YES;
				CLANG_ENABLE_OBJC_ARC = YES;
				CLANG_ENABLE_OBJC_WEAK = YES;
				CLANG_WARN_BLOCK_CAPTURE_AUTORELEASING = YES;
				CLANG_WARN_BOOL_CONVERSION = YES;
				CLANG_WARN_COMMA = YES;
				CLANG_WARN_CONSTANT_CONVERSION = YES;
				CLANG_WARN_DEPRECATED_OBJC_IMPLEMENTATIONS = YES;
				CLANG_WARN_DIRECT_OBJC_ISA_USAGE = YES_ERROR;
				CLANG_WARN_DOCUMENTATION_COMMENTS = YES;
				CLANG_WARN_EMPTY_BODY = YES;
				CLANG_WARN_ENUM_CONVERSION = YES;
				CLANG_WARN_INFINITE_RECURSION = YES;
				CLANG_WARN_INT_CONVERSION = YES;
				CLANG_WARN_NON_LITERAL_NULL_CONVERSION = YES;
				CLANG_WARN_OBJC_IMPLICIT_RETAIN_SELF = YES;
				CLANG_WARN_OBJC_LITERAL_CONVERSION = YES;
				CLANG_WARN_OBJC_ROOT_CLASS = YES_ERROR;
				CLANG_WARN_QUOTED_INCLUDE_IN_FRAMEWORK_HEADER = YES;
				CLANG_WARN_RANGE_LOOP_ANALYSIS = YES;
				CLANG_WARN_STRICT_PROTOTYPES = YES;
				CLANG_WARN_SUSPICIOUS_MOVE = YES;
				CLANG_WARN_UNGUARDED_AVAILABILITY = YES_AGGRESSIVE;
				CLANG_WARN_UNREACHABLE_CODE = YES;
				CLANG_WARN__DUPLICATE_METHOD_MATCH = YES;
				COPY_PHASE_STRIP = NO;
				DEBUG_INFORMATION_FORMAT = dwarf;
				ENABLE_STRICT_OBJC_MSGSEND = YES;
				ENABLE_TESTABILITY = YES;
				GCC_C_LANGUAGE_STANDARD = gnu11;
				GCC_DYNAMIC_NO_PIC = NO;
				GCC_NO_COMMON_BLOCKS = YES;
				GCC_OPTIMIZATION_LEVEL = 0;
				GCC_PREPROCESSOR_DEFINITIONS = (
					"DEBUG=1",
					"$(inherited)",
				);
				GCC_WARN_64_TO_32_BIT_CONVERSION = YES;
				GCC_WARN_ABOUT_RETURN_TYPE = YES_ERROR;
				GCC_WARN_UNDECLARED_SELECTOR = YES;
				GCC_WARN_UNINITIALIZED_AUTOS = YES_AGGRESSIVE;
				GCC_WARN_UNUSED_FUNCTION = YES;
				GCC_WARN_UNUSED_VARIABLE = YES;
				IPHONEOS_DEPLOYMENT_TARGET = 14.5;
				MTL_ENABLE_DEBUG_INFO = INCLUDE_SOURCE;
				MTL_FAST_MATH = YES;
				ONLY_ACTIVE_ARCH = YES;
				SDKROOT = iphoneos;
				SWIFT_ACTIVE_COMPILATION_CONDITIONS = DEBUG;
				SWIFT_OPTIMIZATION_LEVEL = "-Onone";
			};
			name = Debug;
		};
		3F6FD47F270ED21F000BC39D /* Release */ = {
			isa = XCBuildConfiguration;
			buildSettings = {
				ALWAYS_SEARCH_USER_PATHS = NO;
				CLANG_ANALYZER_NONNULL = YES;
				CLANG_ANALYZER_NUMBER_OBJECT_CONVERSION = YES_AGGRESSIVE;
				CLANG_CXX_LANGUAGE_STANDARD = "gnu++14";
				CLANG_CXX_LIBRARY = "libc++";
				CLANG_ENABLE_MODULES = YES;
				CLANG_ENABLE_OBJC_ARC = YES;
				CLANG_ENABLE_OBJC_WEAK = YES;
				CLANG_WARN_BLOCK_CAPTURE_AUTORELEASING = YES;
				CLANG_WARN_BOOL_CONVERSION = YES;
				CLANG_WARN_COMMA = YES;
				CLANG_WARN_CONSTANT_CONVERSION = YES;
				CLANG_WARN_DEPRECATED_OBJC_IMPLEMENTATIONS = YES;
				CLANG_WARN_DIRECT_OBJC_ISA_USAGE = YES_ERROR;
				CLANG_WARN_DOCUMENTATION_COMMENTS = YES;
				CLANG_WARN_EMPTY_BODY = YES;
				CLANG_WARN_ENUM_CONVERSION = YES;
				CLANG_WARN_INFINITE_RECURSION = YES;
				CLANG_WARN_INT_CONVERSION = YES;
				CLANG_WARN_NON_LITERAL_NULL_CONVERSION = YES;
				CLANG_WARN_OBJC_IMPLICIT_RETAIN_SELF = YES;
				CLANG_WARN_OBJC_LITERAL_CONVERSION = YES;
				CLANG_WARN_OBJC_ROOT_CLASS = YES_ERROR;
				CLANG_WARN_QUOTED_INCLUDE_IN_FRAMEWORK_HEADER = YES;
				CLANG_WARN_RANGE_LOOP_ANALYSIS = YES;
				CLANG_WARN_STRICT_PROTOTYPES = YES;
				CLANG_WARN_SUSPICIOUS_MOVE = YES;
				CLANG_WARN_UNGUARDED_AVAILABILITY = YES_AGGRESSIVE;
				CLANG_WARN_UNREACHABLE_CODE = YES;
				CLANG_WARN__DUPLICATE_METHOD_MATCH = YES;
				COPY_PHASE_STRIP = NO;
				DEBUG_INFORMATION_FORMAT = "dwarf-with-dsym";
				ENABLE_NS_ASSERTIONS = NO;
				ENABLE_STRICT_OBJC_MSGSEND = YES;
				GCC_C_LANGUAGE_STANDARD = gnu11;
				GCC_NO_COMMON_BLOCKS = YES;
				GCC_WARN_64_TO_32_BIT_CONVERSION = YES;
				GCC_WARN_ABOUT_RETURN_TYPE = YES_ERROR;
				GCC_WARN_UNDECLARED_SELECTOR = YES;
				GCC_WARN_UNINITIALIZED_AUTOS = YES_AGGRESSIVE;
				GCC_WARN_UNUSED_FUNCTION = YES;
				GCC_WARN_UNUSED_VARIABLE = YES;
				IPHONEOS_DEPLOYMENT_TARGET = 14.5;
				MTL_ENABLE_DEBUG_INFO = NO;
				MTL_FAST_MATH = YES;
				SDKROOT = iphoneos;
				SWIFT_COMPILATION_MODE = wholemodule;
				SWIFT_OPTIMIZATION_LEVEL = "-O";
				VALIDATE_PRODUCT = YES;
			};
			name = Release;
		};
		3F6FD481270ED21F000BC39D /* Debug */ = {
			isa = XCBuildConfiguration;
			buildSettings = {
				ASSETCATALOG_COMPILER_APPICON_NAME = AppIcon;
				ASSETCATALOG_COMPILER_GLOBAL_ACCENT_COLOR_NAME = AccentColor;
				CODE_SIGN_STYLE = Automatic;
				DEVELOPMENT_ASSET_PATHS = "\"Al-Fath Project/Preview Content\"";
				DEVELOPMENT_TEAM = HAAFQ8F93S;
				ENABLE_PREVIEWS = YES;
				INFOPLIST_FILE = "Al-Fath Project/Info.plist";
				IPHONEOS_DEPLOYMENT_TARGET = 14.0;
				LD_RUNPATH_SEARCH_PATHS = (
					"$(inherited)",
					"@executable_path/Frameworks",
				);
				PRODUCT_BUNDLE_IDENTIFIER = "id.firdaus1453.Al-Fath-Project";
				PRODUCT_NAME = "$(TARGET_NAME)";
				SWIFT_VERSION = 5.0;
				TARGETED_DEVICE_FAMILY = "1,2";
			};
			name = Debug;
		};
		3F6FD482270ED21F000BC39D /* Release */ = {
			isa = XCBuildConfiguration;
			buildSettings = {
				ASSETCATALOG_COMPILER_APPICON_NAME = AppIcon;
				ASSETCATALOG_COMPILER_GLOBAL_ACCENT_COLOR_NAME = AccentColor;
				CODE_SIGN_STYLE = Automatic;
				DEVELOPMENT_ASSET_PATHS = "\"Al-Fath Project/Preview Content\"";
				DEVELOPMENT_TEAM = HAAFQ8F93S;
				ENABLE_PREVIEWS = YES;
				INFOPLIST_FILE = "Al-Fath Project/Info.plist";
				IPHONEOS_DEPLOYMENT_TARGET = 14.0;
				LD_RUNPATH_SEARCH_PATHS = (
					"$(inherited)",
					"@executable_path/Frameworks",
				);
				PRODUCT_BUNDLE_IDENTIFIER = "id.firdaus1453.Al-Fath-Project";
				PRODUCT_NAME = "$(TARGET_NAME)";
				SWIFT_VERSION = 5.0;
				TARGETED_DEVICE_FAMILY = "1,2";
			};
			name = Release;
		};
/* End XCBuildConfiguration section */

/* Begin XCConfigurationList section */
		3F6FD467270ED21C000BC39D /* Build configuration list for PBXProject "Al-Fath Project" */ = {
			isa = XCConfigurationList;
			buildConfigurations = (
				3F6FD47E270ED21F000BC39D /* Debug */,
				3F6FD47F270ED21F000BC39D /* Release */,
			);
			defaultConfigurationIsVisible = 0;
			defaultConfigurationName = Release;
		};
		3F6FD480270ED21F000BC39D /* Build configuration list for PBXNativeTarget "Al-Fath Project" */ = {
			isa = XCConfigurationList;
			buildConfigurations = (
				3F6FD481270ED21F000BC39D /* Debug */,
				3F6FD482270ED21F000BC39D /* Release */,
			);
			defaultConfigurationIsVisible = 0;
			defaultConfigurationName = Release;
		};
/* End XCConfigurationList section */

/* Begin XCVersionGroup section */
		0EC81E8B2738C35C00AAC6A8 /* GamesDB.xcdatamodeld */ = {
			isa = XCVersionGroup;
			children = (
				0EC81E8C2738C35C00AAC6A8 /* JourneyEntity.xcdatamodel */,
			);
			currentVersion = 0EC81E8C2738C35C00AAC6A8 /* JourneyEntity.xcdatamodel */;
			path = GamesDB.xcdatamodeld;
			sourceTree = "<group>";
			versionGroupType = wrapper.xcdatamodel;
		};
		3F6FD47A270ED21F000BC39D /* Al_Fath_Project.xcdatamodeld */ = {
			isa = XCVersionGroup;
			children = (
				3F6FD47B270ED21F000BC39D /* Al_Fath_Project.xcdatamodel */,
			);
			currentVersion = 3F6FD47B270ED21F000BC39D /* Al_Fath_Project.xcdatamodel */;
			path = Al_Fath_Project.xcdatamodeld;
			sourceTree = "<group>";
			versionGroupType = wrapper.xcdatamodel;
		};
/* End XCVersionGroup section */
	};
	rootObject = 3F6FD464270ED21C000BC39D /* Project object */;
}
